// !$*UTF8*$!
{
	archiveVersion = 1;
	classes = {
	};
	objectVersion = 50;
	objects = {

/* Begin PBXBuildFile section */
		F23B87DC207AAADE0042AE15 /* BoardClass.cpp in Sources */ = {isa = PBXBuildFile; fileRef = F23B87CE207AAADB0042AE15 /* BoardClass.cpp */; };
		F23B87DD207AAADE0042AE15 /* winCon.cpp in Sources */ = {isa = PBXBuildFile; fileRef = F23B87D0207AAADC0042AE15 /* winCon.cpp */; };
		F23B87DE207AAADE0042AE15 /* compAction.cpp in Sources */ = {isa = PBXBuildFile; fileRef = F23B87D3207AAADC0042AE15 /* compAction.cpp */; };
		F23B87DF207AAADE0042AE15 /* moveValid.cpp in Sources */ = {isa = PBXBuildFile; fileRef = F23B87D4207AAADC0042AE15 /* moveValid.cpp */; };
		F23B87E0207AAADE0042AE15 /* PlayerClass.cpp in Sources */ = {isa = PBXBuildFile; fileRef = F23B87D7207AAADD0042AE15 /* PlayerClass.cpp */; };
		F23B87E1207AAADE0042AE15 /* commitMove.cpp in Sources */ = {isa = PBXBuildFile; fileRef = F23B87D8207AAADD0042AE15 /* commitMove.cpp */; };
		F23B87E2207AAADE0042AE15 /* precaptureCheck.cpp in Sources */ = {isa = PBXBuildFile; fileRef = F23B87D9207AAADD0042AE15 /* precaptureCheck.cpp */; };
		F27E272B207AA97200180EEC /* main.cpp in Sources */ = {isa = PBXBuildFile; fileRef = F27E272A207AA97200180EEC /* main.cpp */; };
/* End PBXBuildFile section */

/* Begin PBXCopyFilesBuildPhase section */
		F27E2725207AA97200180EEC /* CopyFiles */ = {
			isa = PBXCopyFilesBuildPhase;
			buildActionMask = 2147483647;
			dstPath = /usr/share/man/man1/;
			dstSubfolderSpec = 0;
			files = (
			);
			runOnlyForDeploymentPostprocessing = 1;
		};
/* End PBXCopyFilesBuildPhase section */

/* Begin PBXFileReference section */
		F23B87CE207AAADB0042AE15 /* BoardClass.cpp */ = {isa = PBXFileReference; fileEncoding = 4; lastKnownFileType = sourcecode.cpp.cpp; path = BoardClass.cpp; sourceTree = "<group>"; };
		F23B87CF207AAADB0042AE15 /* winCon.hpp */ = {isa = PBXFileReference; fileEncoding = 4; lastKnownFileType = sourcecode.cpp.h; path = winCon.hpp; sourceTree = "<group>"; };
		F23B87D0207AAADC0042AE15 /* winCon.cpp */ = {isa = PBXFileReference; fileEncoding = 4; lastKnownFileType = sourcecode.cpp.cpp; path = winCon.cpp; sourceTree = "<group>"; };
		F23B87D1207AAADC0042AE15 /* BoardClass.hpp */ = {isa = PBXFileReference; fileEncoding = 4; lastKnownFileType = sourcecode.cpp.h; path = BoardClass.hpp; sourceTree = "<group>"; };
		F23B87D2207AAADC0042AE15 /* moveValid.hpp */ = {isa = PBXFileReference; fileEncoding = 4; lastKnownFileType = sourcecode.cpp.h; path = moveValid.hpp; sourceTree = "<group>"; };
		F23B87D3207AAADC0042AE15 /* compAction.cpp */ = {isa = PBXFileReference; fileEncoding = 4; lastKnownFileType = sourcecode.cpp.cpp; path = compAction.cpp; sourceTree = "<group>"; };
		F23B87D4207AAADC0042AE15 /* moveValid.cpp */ = {isa = PBXFileReference; fileEncoding = 4; lastKnownFileType = sourcecode.cpp.cpp; path = moveValid.cpp; sourceTree = "<group>"; };
		F23B87D5207AAADC0042AE15 /* commitMove.hpp */ = {isa = PBXFileReference; fileEncoding = 4; lastKnownFileType = sourcecode.cpp.h; path = commitMove.hpp; sourceTree = "<group>"; };
		F23B87D6207AAADD0042AE15 /* precaptureCheck.hpp */ = {isa = PBXFileReference; fileEncoding = 4; lastKnownFileType = sourcecode.cpp.h; path = precaptureCheck.hpp; sourceTree = "<group>"; };
		F23B87D7207AAADD0042AE15 /* PlayerClass.cpp */ = {isa = PBXFileReference; fileEncoding = 4; lastKnownFileType = sourcecode.cpp.cpp; path = PlayerClass.cpp; sourceTree = "<group>"; };
		F23B87D8207AAADD0042AE15 /* commitMove.cpp */ = {isa = PBXFileReference; fileEncoding = 4; lastKnownFileType = sourcecode.cpp.cpp; path = commitMove.cpp; sourceTree = "<group>"; };
		F23B87D9207AAADD0042AE15 /* precaptureCheck.cpp */ = {isa = PBXFileReference; fileEncoding = 4; lastKnownFileType = sourcecode.cpp.cpp; path = precaptureCheck.cpp; sourceTree = "<group>"; };
		F23B87DA207AAADE0042AE15 /* compAction.hpp */ = {isa = PBXFileReference; fileEncoding = 4; lastKnownFileType = sourcecode.cpp.h; path = compAction.hpp; sourceTree = "<group>"; };
		F23B87DB207AAADE0042AE15 /* PlayerClass.hpp */ = {isa = PBXFileReference; fileEncoding = 4; lastKnownFileType = sourcecode.cpp.h; path = PlayerClass.hpp; sourceTree = "<group>"; };
		F27E2727207AA97200180EEC /* MiniCamelot_AB-Prune */ = {isa = PBXFileReference; explicitFileType = "compiled.mach-o.executable"; includeInIndex = 0; path = "MiniCamelot_AB-Prune"; sourceTree = BUILT_PRODUCTS_DIR; };
		F27E272A207AA97200180EEC /* main.cpp */ = {isa = PBXFileReference; lastKnownFileType = sourcecode.cpp.cpp; path = main.cpp; sourceTree = "<group>"; };
/* End PBXFileReference section */

/* Begin PBXFrameworksBuildPhase section */
		F27E2724207AA97200180EEC /* Frameworks */ = {
			isa = PBXFrameworksBuildPhase;
			buildActionMask = 2147483647;
			files = (
			);
			runOnlyForDeploymentPostprocessing = 0;
		};
/* End PBXFrameworksBuildPhase section */

/* Begin PBXGroup section */
		F27E271E207AA97200180EEC = {
			isa = PBXGroup;
			children = (
				F27E2729207AA97200180EEC /* MiniCamelot_AB-Prune */,
				F27E2728207AA97200180EEC /* Products */,
			);
			sourceTree = "<group>";
		};
		F27E2728207AA97200180EEC /* Products */ = {
			isa = PBXGroup;
			children = (
				F27E2727207AA97200180EEC /* MiniCamelot_AB-Prune */,
			);
			name = Products;
			sourceTree = "<group>";
		};
		F27E2729207AA97200180EEC /* MiniCamelot_AB-Prune */ = {
			isa = PBXGroup;
			children = (
				F23B87CE207AAADB0042AE15 /* BoardClass.cpp */,
				F23B87D1207AAADC0042AE15 /* BoardClass.hpp */,
				F23B87D8207AAADD0042AE15 /* commitMove.cpp */,
				F23B87D5207AAADC0042AE15 /* commitMove.hpp */,
				F23B87D3207AAADC0042AE15 /* compAction.cpp */,
				F23B87DA207AAADE0042AE15 /* compAction.hpp */,
				F23B87D4207AAADC0042AE15 /* moveValid.cpp */,
				F23B87D2207AAADC0042AE15 /* moveValid.hpp */,
				F23B87D7207AAADD0042AE15 /* PlayerClass.cpp */,
				F23B87DB207AAADE0042AE15 /* PlayerClass.hpp */,
				F23B87D9207AAADD0042AE15 /* precaptureCheck.cpp */,
				F23B87D6207AAADD0042AE15 /* precaptureCheck.hpp */,
				F23B87D0207AAADC0042AE15 /* winCon.cpp */,
				F23B87CF207AAADB0042AE15 /* winCon.hpp */,
				F27E272A207AA97200180EEC /* main.cpp */,
			);
			path = "MiniCamelot_AB-Prune";
			sourceTree = "<group>";
		};
/* End PBXGroup section */

/* Begin PBXNativeTarget section */
		F27E2726207AA97200180EEC /* MiniCamelot_AB-Prune */ = {
			isa = PBXNativeTarget;
			buildConfigurationList = F27E272E207AA97200180EEC /* Build configuration list for PBXNativeTarget "MiniCamelot_AB-Prune" */;
			buildPhases = (
				F27E2723207AA97200180EEC /* Sources */,
				F27E2724207AA97200180EEC /* Frameworks */,
				F27E2725207AA97200180EEC /* CopyFiles */,
			);
			buildRules = (
			);
			dependencies = (
			);
			name = "MiniCamelot_AB-Prune";
			productName = "MiniCamelot_AB-Prune";
			productReference = F27E2727207AA97200180EEC /* MiniCamelot_AB-Prune */;
			productType = "com.apple.product-type.tool";
		};
/* End PBXNativeTarget section */

/* Begin PBXProject section */
		F27E271F207AA97200180EEC /* Project object */ = {
			isa = PBXProject;
			attributes = {
				LastUpgradeCheck = 0930;
				ORGANIZATIONNAME = mememe;
				TargetAttributes = {
					F27E2726207AA97200180EEC = {
						CreatedOnToolsVersion = 9.3;
					};
				};
			};
			buildConfigurationList = F27E2722207AA97200180EEC /* Build configuration list for PBXProject "MiniCamelot_AB-Prune" */;
			compatibilityVersion = "Xcode 9.3";
			developmentRegion = en;
			hasScannedForEncodings = 0;
			knownRegions = (
				en,
			);
			mainGroup = F27E271E207AA97200180EEC;
			productRefGroup = F27E2728207AA97200180EEC /* Products */;
			projectDirPath = "";
			projectRoot = "";
			targets = (
				F27E2726207AA97200180EEC /* MiniCamelot_AB-Prune */,
			);
		};
/* End PBXProject section */

/* Begin PBXSourcesBuildPhase section */
		F27E2723207AA97200180EEC /* Sources */ = {
			isa = PBXSourcesBuildPhase;
			buildActionMask = 2147483647;
			files = (
				F23B87DE207AAADE0042AE15 /* compAction.cpp in Sources */,
				F23B87DF207AAADE0042AE15 /* moveValid.cpp in Sources */,
				F23B87DD207AAADE0042AE15 /* winCon.cpp in Sources */,
				F23B87E1207AAADE0042AE15 /* commitMove.cpp in Sources */,
				F23B87E0207AAADE0042AE15 /* PlayerClass.cpp in Sources */,
				F23B87E2207AAADE0042AE15 /* precaptureCheck.cpp in Sources */,
				F27E272B207AA97200180EEC /* main.cpp in Sources */,
				F23B87DC207AAADE0042AE15 /* BoardClass.cpp in Sources */,
			);
			runOnlyForDeploymentPostprocessing = 0;
		};
/* End PBXSourcesBuildPhase section */

/* Begin XCBuildConfiguration section */
		F27E272C207AA97200180EEC /* Debug */ = {
			isa = XCBuildConfiguration;
			buildSettings = {
				ALWAYS_SEARCH_USER_PATHS = NO;
				CLANG_ANALYZER_NONNULL = YES;
				CLANG_ANALYZER_NUMBER_OBJECT_CONVERSION = YES_AGGRESSIVE;
				CLANG_CXX_LANGUAGE_STANDARD = "gnu++14";
				CLANG_CXX_LIBRARY = "libc++";
				CLANG_ENABLE_MODULES = YES;
				CLANG_ENABLE_OBJC_ARC = YES;
				CLANG_ENABLE_OBJC_WEAK = YES;
				CLANG_WARN_BLOCK_CAPTURE_AUTORELEASING = YES;
				CLANG_WARN_BOOL_CONVERSION = YES;
				CLANG_WARN_COMMA = YES;
				CLANG_WARN_CONSTANT_CONVERSION = YES;
				CLANG_WARN_DEPRECATED_OBJC_IMPLEMENTATIONS = YES;
				CLANG_WARN_DIRECT_OBJC_ISA_USAGE = YES_ERROR;
				CLANG_WARN_DOCUMENTATION_COMMENTS = YES;
				CLANG_WARN_EMPTY_BODY = YES;
				CLANG_WARN_ENUM_CONVERSION = YES;
				CLANG_WARN_INFINITE_RECURSION = YES;
				CLANG_WARN_INT_CONVERSION = YES;
				CLANG_WARN_NON_LITERAL_NULL_CONVERSION = YES;
				CLANG_WARN_OBJC_IMPLICIT_RETAIN_SELF = YES;
				CLANG_WARN_OBJC_LITERAL_CONVERSION = YES;
				CLANG_WARN_OBJC_ROOT_CLASS = YES_ERROR;
				CLANG_WARN_RANGE_LOOP_ANALYSIS = YES;
				CLANG_WARN_STRICT_PROTOTYPES = YES;
				CLANG_WARN_SUSPICIOUS_MOVE = YES;
				CLANG_WARN_UNGUARDED_AVAILABILITY = YES_AGGRESSIVE;
				CLANG_WARN_UNREACHABLE_CODE = YES;
				CLANG_WARN__DUPLICATE_METHOD_MATCH = YES;
				CODE_SIGN_IDENTITY = "-";
				COPY_PHASE_STRIP = NO;
				DEBUG_INFORMATION_FORMAT = dwarf;
				ENABLE_STRICT_OBJC_MSGSEND = YES;
				ENABLE_TESTABILITY = YES;
				GCC_C_LANGUAGE_STANDARD = gnu11;
				GCC_DYNAMIC_NO_PIC = NO;
				GCC_NO_COMMON_BLOCKS = YES;
				GCC_OPTIMIZATION_LEVEL = 0;
				GCC_PREPROCESSOR_DEFINITIONS = (
					"DEBUG=1",
					"$(inherited)",
				);
				GCC_WARN_64_TO_32_BIT_CONVERSION = YES;
				GCC_WARN_ABOUT_RETURN_TYPE = YES_ERROR;
				GCC_WARN_UNDECLARED_SELECTOR = YES;
				GCC_WARN_UNINITIALIZED_AUTOS = YES_AGGRESSIVE;
				GCC_WARN_UNUSED_FUNCTION = YES;
				GCC_WARN_UNUSED_VARIABLE = YES;
				MACOSX_DEPLOYMENT_TARGET = 10.13;
				MTL_ENABLE_DEBUG_INFO = YES;
				ONLY_ACTIVE_ARCH = YES;
				SDKROOT = macosx;
			};
			name = Debug;
		};
		F27E272D207AA97200180EEC /* Release */ = {
			isa = XCBuildConfiguration;
			buildSettings = {
				ALWAYS_SEARCH_USER_PATHS = NO;
				CLANG_ANALYZER_NONNULL = YES;
				CLANG_ANALYZER_NUMBER_OBJECT_CONVERSION = YES_AGGRESSIVE;
				CLANG_CXX_LANGUAGE_STANDARD = "gnu++14";
				CLANG_CXX_LIBRARY = "libc++";
				CLANG_ENABLE_MODULES = YES;
				CLANG_ENABLE_OBJC_ARC = YES;
				CLANG_ENABLE_OBJC_WEAK = YES;
				CLANG_WARN_BLOCK_CAPTURE_AUTORELEASING = YES;
				CLANG_WARN_BOOL_CONVERSION = YES;
				CLANG_WARN_COMMA = YES;
				CLANG_WARN_CONSTANT_CONVERSION = YES;
				CLANG_WARN_DEPRECATED_OBJC_IMPLEMENTATIONS = YES;
				CLANG_WARN_DIRECT_OBJC_ISA_USAGE = YES_ERROR;
				CLANG_WARN_DOCUMENTATION_COMMENTS = YES;
				CLANG_WARN_EMPTY_BODY = YES;
				CLANG_WARN_ENUM_CONVERSION = YES;
				CLANG_WARN_INFINITE_RECURSION = YES;
				CLANG_WARN_INT_CONVERSION = YES;
				CLANG_WARN_NON_LITERAL_NULL_CONVERSION = YES;
				CLANG_WARN_OBJC_IMPLICIT_RETAIN_SELF = YES;
				CLANG_WARN_OBJC_LITERAL_CONVERSION = YES;
				CLANG_WARN_OBJC_ROOT_CLASS = YES_ERROR;
				CLANG_WARN_RANGE_LOOP_ANALYSIS = YES;
				CLANG_WARN_STRICT_PROTOTYPES = YES;
				CLANG_WARN_SUSPICIOUS_MOVE = YES;
				CLANG_WARN_UNGUARDED_AVAILABILITY = YES_AGGRESSIVE;
				CLANG_WARN_UNREACHABLE_CODE = YES;
				CLANG_WARN__DUPLICATE_METHOD_MATCH = YES;
				CODE_SIGN_IDENTITY = "-";
				COPY_PHASE_STRIP = NO;
				DEBUG_INFORMATION_FORMAT = "dwarf-with-dsym";
				ENABLE_NS_ASSERTIONS = NO;
				ENABLE_STRICT_OBJC_MSGSEND = YES;
				GCC_C_LANGUAGE_STANDARD = gnu11;
				GCC_NO_COMMON_BLOCKS = YES;
				GCC_WARN_64_TO_32_BIT_CONVERSION = YES;
				GCC_WARN_ABOUT_RETURN_TYPE = YES_ERROR;
				GCC_WARN_UNDECLARED_SELECTOR = YES;
				GCC_WARN_UNINITIALIZED_AUTOS = YES_AGGRESSIVE;
				GCC_WARN_UNUSED_FUNCTION = YES;
				GCC_WARN_UNUSED_VARIABLE = YES;
				MACOSX_DEPLOYMENT_TARGET = 10.13;
				MTL_ENABLE_DEBUG_INFO = NO;
				SDKROOT = macosx;
			};
			name = Release;
		};
		F27E272F207AA97200180EEC /* Debug */ = {
			isa = XCBuildConfiguration;
			buildSettings = {
				CODE_SIGN_STYLE = Automatic;
				PRODUCT_NAME = "$(TARGET_NAME)";
			};
			name = Debug;
		};
		F27E2730207AA97200180EEC /* Release */ = {
			isa = XCBuildConfiguration;
			buildSettings = {
				CODE_SIGN_STYLE = Automatic;
				PRODUCT_NAME = "$(TARGET_NAME)";
			};
			name = Release;
		};
/* End XCBuildConfiguration section */

/* Begin XCConfigurationList section */
		F27E2722207AA97200180EEC /* Build configuration list for PBXProject "MiniCamelot_AB-Prune" */ = {
			isa = XCConfigurationList;
			buildConfigurations = (
				F27E272C207AA97200180EEC /* Debug */,
				F27E272D207AA97200180EEC /* Release */,
			);
			defaultConfigurationIsVisible = 0;
			defaultConfigurationName = Release;
		};
		F27E272E207AA97200180EEC /* Build configuration list for PBXNativeTarget "MiniCamelot_AB-Prune" */ = {
			isa = XCConfigurationList;
			buildConfigurations = (
				F27E272F207AA97200180EEC /* Debug */,
				F27E2730207AA97200180EEC /* Release */,
			);
			defaultConfigurationIsVisible = 0;
			defaultConfigurationName = Release;
		};
/* End XCConfigurationList section */
	};
	rootObject = F27E271F207AA97200180EEC /* Project object */;
}
